{
  "name": "Project-Admin-Dashboard",
  "lockfileVersion": 3,
  "requires": true,
  "packages": {
    "": {
      "dependencies": {
        "@mdi/font": "^7.4.47",
        "@mdi/light-font": "^0.2.63"
      }
    },
    "node_modules/@mdi/font": {
      "version": "7.4.47",
      "resolved": "https://registry.npmjs.org/@mdi/font/-/font-7.4.47.tgz",
      "integrity": "sha512-43MtGpd585SNzHZPcYowu/84Vz2a2g31TvPMTm9uTiCSWzaheQySUcSyUH/46fPnuPQWof2yd0pGBtzee/IQWw=="
    },
    "node_modules/@mdi/light-font": {
      "version": "0.2.63",
      "resolved": "https://registry.npmjs.org/@mdi/light-font/-/light-font-0.2.63.tgz",
      "integrity": "sha512-6JaP/rHo2ik6G26zeWmuVNa7iEqsC4Rwry25DfO7BjLxiLckAMvYmQIGlzn1I7Y6PblHAwNlcPjL1vFIg366Og=="
    }
  }
}
